
Microsoft Visual Studio Solution File, Format Version 12.00
# Visual Studio Version 16
VisualStudioVersion = 16.0.32228.343
MinimumVisualStudioVersion = 10.0.40219.1
Project("{FAE04EC0-301F-11D3-BF4B-00C04F79EFBC}") = "DataAccess", "DataAccess\DataAccess.csproj", "{70849565-B248-492B-BE54-0CA2ECE12080}"
EndProject
Project("{FAE04EC0-301F-11D3-BF4B-00C04F79EFBC}") = "Business", "Business\Business.csproj", "{CCFFA019-3C28-469D-8E50-5FA7F850E3C2}"
EndProject
Project("{FAE04EC0-301F-11D3-BF4B-00C04F79EFBC}") = "Entities", "Entities\Entities.csproj", "{8E26499B-21BE-4DA6-AA7A-7FBC3E82933D}"
EndProject
Project("{FAE04EC0-301F-11D3-BF4B-00C04F79EFBC}") = "ConsoleUi", "ConsoleUi\ConsoleUi.csproj", "{EBDC098B-1B08-4A0E-9466-831D3023F96E}"
EndProject
Global
	GlobalSection(SolutionConfigurationPlatforms) = preSolution
		Debug|Any CPU = Debug|Any CPU
		Release|Any CPU = Release|Any CPU
	EndGlobalSection
	GlobalSection(ProjectConfigurationPlatforms) = postSolution
		{70849565-B248-492B-BE54-0CA2ECE12080}.Debug|Any CPU.ActiveCfg = Debug|Any CPU
		{70849565-B248-492B-BE54-0CA2ECE12080}.Debug|Any CPU.Build.0 = Debug|Any CPU
		{70849565-B248-492B-BE54-0CA2ECE12080}.Release|Any CPU.ActiveCfg = Release|Any CPU
		{70849565-B248-492B-BE54-0CA2ECE12080}.Release|Any CPU.Build.0 = Release|Any CPU
		{CCFFA019-3C28-469D-8E50-5FA7F850E3C2}.Debug|Any CPU.ActiveCfg = Debug|Any CPU
		{CCFFA019-3C28-469D-8E50-5FA7F850E3C2}.Debug|Any CPU.Build.0 = Debug|Any CPU
		{CCFFA019-3C28-469D-8E50-5FA7F850E3C2}.Release|Any CPU.ActiveCfg = Release|Any CPU
		{CCFFA019-3C28-469D-8E50-5FA7F850E3C2}.Release|Any CPU.Build.0 = Release|Any CPU
		{8E26499B-21BE-4DA6-AA7A-7FBC3E82933D}.Debug|Any CPU.ActiveCfg = Debug|Any CPU
		{8E26499B-21BE-4DA6-AA7A-7FBC3E82933D}.Debug|Any CPU.Build.0 = Debug|Any CPU
		{8E26499B-21BE-4DA6-AA7A-7FBC3E82933D}.Release|Any CPU.ActiveCfg = Release|Any CPU
		{8E26499B-21BE-4DA6-AA7A-7FBC3E82933D}.Release|Any CPU.Build.0 = Release|Any CPU
		{EBDC098B-1B08-4A0E-9466-831D3023F96E}.Debug|Any CPU.ActiveCfg = Debug|Any CPU
		{EBDC098B-1B08-4A0E-9466-831D3023F96E}.Debug|Any CPU.Build.0 = Debug|Any CPU
		{EBDC098B-1B08-4A0E-9466-831D3023F96E}.Release|Any CPU.ActiveCfg = Release|Any CPU
		{EBDC098B-1B08-4A0E-9466-831D3023F96E}.Release|Any CPU.Build.0 = Release|Any CPU
	EndGlobalSection
	GlobalSection(SolutionProperties) = preSolution
		HideSolutionNode = FALSE
	EndGlobalSection
	GlobalSection(ExtensibilityGlobals) = postSolution
		SolutionGuid = {DA034E91-6618-4438-B1CC-9335A676B099}
	EndGlobalSection
EndGlobal
